
Microsoft Visual Studio Solution File, Format Version 12.00
# Visual Studio Version 17
VisualStudioVersion = 17.14.36414.22 d17.14
MinimumVisualStudioVersion = 10.0.40219.1
Project("{FAE04EC0-301F-11D3-BF4B-00C04F79EFBC}") = "BankAccountApp", "BankAccountApp\BankAccountApp.csproj", "{72BB72C6-B09C-4860-8BE3-3ECFB9B3402D}"
EndProject
Global
	GlobalSection(SolutionConfigurationPlatforms) = preSolution
		Debug|Any CPU = Debug|Any CPU
		Release|Any CPU = Release|Any CPU
	EndGlobalSection
	GlobalSection(ProjectConfigurationPlatforms) = postSolution
		{72BB72C6-B09C-4860-8BE3-3ECFB9B3402D}.Debug|Any CPU.ActiveCfg = Debug|Any CPU
		{72BB72C6-B09C-4860-8BE3-3ECFB9B3402D}.Debug|Any CPU.Build.0 = Debug|Any CPU
		{72BB72C6-B09C-4860-8BE3-3ECFB9B3402D}.Release|Any CPU.ActiveCfg = Release|Any CPU
		{72BB72C6-B09C-4860-8BE3-3ECFB9B3402D}.Release|Any CPU.Build.0 = Release|Any CPU
	EndGlobalSection
	GlobalSection(SolutionProperties) = preSolution
		HideSolutionNode = FALSE
	EndGlobalSection
	GlobalSection(ExtensibilityGlobals) = postSolution
		SolutionGuid = {6E063805-5D89-4FCE-8C2C-B3B3BF38C8AA}
	EndGlobalSection
EndGlobal
